
Microsoft Visual Studio Solution File, Format Version 12.00
# Visual Studio Version 17
VisualStudioVersion = 17.14.36221.1 d17.14
MinimumVisualStudioVersion = 10.0.40219.1
Project("{FAE04EC0-301F-11D3-BF4B-00C04F79EFBC}") = "initialdatainsert", "initialdatainsert\initialdatainsert.csproj", "{7BFF7445-EB1F-4CBA-B77A-500463288640}"
EndProject
Global
	GlobalSection(SolutionConfigurationPlatforms) = preSolution
		Debug|Any CPU = Debug|Any CPU
		Release|Any CPU = Release|Any CPU
	EndGlobalSection
	GlobalSection(ProjectConfigurationPlatforms) = postSolution
		{7BFF7445-EB1F-4CBA-B77A-500463288640}.Debug|Any CPU.ActiveCfg = Debug|Any CPU
		{7BFF7445-EB1F-4CBA-B77A-500463288640}.Debug|Any CPU.Build.0 = Debug|Any CPU
		{7BFF7445-EB1F-4CBA-B77A-500463288640}.Release|Any CPU.ActiveCfg = Release|Any CPU
		{7BFF7445-EB1F-4CBA-B77A-500463288640}.Release|Any CPU.Build.0 = Release|Any CPU
	EndGlobalSection
	GlobalSection(SolutionProperties) = preSolution
		HideSolutionNode = FALSE
	EndGlobalSection
	GlobalSection(ExtensibilityGlobals) = postSolution
		SolutionGuid = {23AB26C8-D210-4084-840D-D44DF6DBDC7A}
	EndGlobalSection
EndGlobal
